{
  "nodes": {
    "nixpkgs": {
      "inputs": {
        "nixpkgs": "nixpkgs_2"
      },
      "locked": {
        "lastModified": 1785831747,
        "narHash": "sha256-CjMFSFI33m5aQ91EcWeeaiaQwDbuxC0iW98xyaKFZ9M=",
        "owner": "nix-ocaml",
        "repo": "nix-overlays",
        "rev": "0ebb9c6319b20f1c16795ba16cbc9c648c32b398",
        "type": "github"
      },
      "original": {
        "owner": "nix-ocaml",
        "repo": "nix-overlays",
        "type": "github"
      }
    },
    "nixpkgs_2": {
      "locked": {
        "lastModified": 1785825000,
        "narHash": "sha256-8IX3ITYddN29r/lENhPnUBVGfSDP7JILfzzh5DPPit4=",
        "owner": "NixOS",
        "repo": "nixpkgs",
        "rev": "8b6ce8cca68dd4ced6695be995b5dfb02383c39b",
        "type": "github"
      },
      "original": {
        "owner": "NixOS",
        "repo": "nixpkgs",
        "rev": "8b6ce8cca68dd4ced6695be995b5dfb02383c39b",
        "type": "github"
      }
    },
    "root": {
      "inputs": {
        "nixpkgs": "nixpkgs",
        "treefmt-nix": "treefmt-nix"
      }
    },
    "treefmt-nix": {
      "inputs": {
        "nixpkgs": [
          "nixpkgs"
        ]
      },
      "locked": {
        "lastModified": 1785945821,
        "narHash": "sha256-NLSyTCW4K4ofhNBllt3omPasm6QpralXH1DBZOc91Dw=",
        "owner": "numtide",
        "repo": "treefmt-nix",
        "rev": "ae7910970dddc408fe6ab1c8e4b277bb21d72dc0",
        "type": "github"
      },
      "original": {
        "owner": "numtide",
        "repo": "treefmt-nix",
        "type": "github"
      }
    }
  },
  "root": "root",
  "version": 7
}
