{
  "nodes": {
    "nixpkgs": {
      "inputs": {
        "nixpkgs": "nixpkgs_2"
      },
      "locked": {
        "lastModified": 1785658109,
        "narHash": "sha256-5Tl9o3zyYf9pdEaZcwknqEdJO632zBE7M46qRJuwgFs=",
        "owner": "nix-ocaml",
        "repo": "nix-overlays",
        "rev": "73d11fd36f1dd22301a164903b5031f795ef914a",
        "type": "github"
      },
      "original": {
        "owner": "nix-ocaml",
        "repo": "nix-overlays",
        "type": "github"
      }
    },
    "nixpkgs_2": {
      "locked": {
        "lastModified": 1785638663,
        "narHash": "sha256-yt6kjAgY29W8au8gDWX1NYSjkQBSSuedo43n7Mke4Uk=",
        "owner": "NixOS",
        "repo": "nixpkgs",
        "rev": "0b9e82138431f31772b103d3957994fb254dd5e8",
        "type": "github"
      },
      "original": {
        "owner": "NixOS",
        "repo": "nixpkgs",
        "rev": "0b9e82138431f31772b103d3957994fb254dd5e8",
        "type": "github"
      }
    },
    "root": {
      "inputs": {
        "nixpkgs": "nixpkgs",
        "treefmt-nix": "treefmt-nix"
      }
    },
    "treefmt-nix": {
      "inputs": {
        "nixpkgs": [
          "nixpkgs"
        ]
      },
      "locked": {
        "lastModified": 1785360170,
        "narHash": "sha256-XE1lKgQ3eIO3E7zWryqcRsax+mYXod/5RHBn4YaR9YE=",
        "owner": "numtide",
        "repo": "treefmt-nix",
        "rev": "d1187f8bc71fb8aab02395869ec3f5c1920f75c0",
        "type": "github"
      },
      "original": {
        "owner": "numtide",
        "repo": "treefmt-nix",
        "type": "github"
      }
    }
  },
  "root": "root",
  "version": 7
}
