{
  "nodes": {
    "nixpkgs": {
      "inputs": {
        "nixpkgs": "nixpkgs_2"
      },
      "locked": {
        "lastModified": 1790561191,
        "narHash": "sha256-es/tFM1mqpbpvuMUMjf7gEIVyt+ypNhm56FNgoR6bb4=",
        "owner": "nix-ocaml",
        "repo": "nix-overlays",
        "rev": "4e0063d719c14e9645b882851b8f28266cf58029",
        "type": "github"
      },
      "original": {
        "owner": "nix-ocaml",
        "repo": "nix-overlays",
        "type": "github"
      }
    },
    "nixpkgs_2": {
      "locked": {
        "lastModified": 1790541400,
        "narHash": "sha256-g3NHNEQQ79bigICySG+bspte4eHKgfhrPy0oKVhB1E8=",
        "owner": "NixOS",
        "repo": "nixpkgs",
        "rev": "7276cb9606b276cc01b488cd60498265f42fcd7e",
        "type": "github"
      },
      "original": {
        "owner": "NixOS",
        "repo": "nixpkgs",
        "rev": "7276cb9606b276cc01b488cd60498265f42fcd7e",
        "type": "github"
      }
    },
    "root": {
      "inputs": {
        "nixpkgs": "nixpkgs",
        "treefmt-nix": "treefmt-nix"
      }
    },
    "treefmt-nix": {
      "inputs": {
        "nixpkgs": [
          "nixpkgs"
        ]
      },
      "locked": {
        "lastModified": 1786901030,
        "narHash": "sha256-WSFCsDSE5ffgD2MqzkM2CYjeFiKhRF/dJUN8uedb6YE=",
        "owner": "numtide",
        "repo": "treefmt-nix",
        "rev": "27b3b12a8e6375f28ebe122f07d230ca5459bbfa",
        "type": "github"
      },
      "original": {
        "owner": "numtide",
        "repo": "treefmt-nix",
        "type": "github"
      }
    }
  },
  "root": "root",
  "version": 7
}
